
Microsoft Visual Studio Solution File, Format Version 12.00
# Visual Studio Version 17
VisualStudioVersion = 17.10.35122.118
MinimumVisualStudioVersion = 10.0.40219.1
Project("{FAE04EC0-301F-11D3-BF4B-00C04F79EFBC}") = "TarihliHatirlatmalarUygulamasi", "TarihliHatirlatmalarUygulamasi\TarihliHatirlatmalarUygulamasi.csproj", "{556CE4D8-EDCD-4770-9E67-FF2575DB9176}"
EndProject
Global
	GlobalSection(SolutionConfigurationPlatforms) = preSolution
		Debug|Any CPU = Debug|Any CPU
		Release|Any CPU = Release|Any CPU
	EndGlobalSection
	GlobalSection(ProjectConfigurationPlatforms) = postSolution
		{556CE4D8-EDCD-4770-9E67-FF2575DB9176}.Debug|Any CPU.ActiveCfg = Debug|Any CPU
		{556CE4D8-EDCD-4770-9E67-FF2575DB9176}.Debug|Any CPU.Build.0 = Debug|Any CPU
		{556CE4D8-EDCD-4770-9E67-FF2575DB9176}.Release|Any CPU.ActiveCfg = Release|Any CPU
		{556CE4D8-EDCD-4770-9E67-FF2575DB9176}.Release|Any CPU.Build.0 = Release|Any CPU
	EndGlobalSection
	GlobalSection(SolutionProperties) = preSolution
		HideSolutionNode = FALSE
	EndGlobalSection
	GlobalSection(ExtensibilityGlobals) = postSolution
		SolutionGuid = {C4B70775-031D-4913-8897-AD79F27D9781}
	EndGlobalSection
EndGlobal
